
Microsoft Visual Studio Solution File, Format Version 12.00
# Visual Studio Version 17
VisualStudioVersion = 17.5.33414.496
MinimumVisualStudioVersion = 10.0.40219.1
Project("{FAE04EC0-301F-11D3-BF4B-00C04F79EFBC}") = "tpmodul4_1302213067", "tpmodul4_1302213067\tpmodul4_1302213067.csproj", "{0763D084-A769-4CE7-BC27-7D55A8D75A2B}"
EndProject
Global
	GlobalSection(SolutionConfigurationPlatforms) = preSolution
		Debug|Any CPU = Debug|Any CPU
		Release|Any CPU = Release|Any CPU
	EndGlobalSection
	GlobalSection(ProjectConfigurationPlatforms) = postSolution
		{0763D084-A769-4CE7-BC27-7D55A8D75A2B}.Debug|Any CPU.ActiveCfg = Debug|Any CPU
		{0763D084-A769-4CE7-BC27-7D55A8D75A2B}.Debug|Any CPU.Build.0 = Debug|Any CPU
		{0763D084-A769-4CE7-BC27-7D55A8D75A2B}.Release|Any CPU.ActiveCfg = Release|Any CPU
		{0763D084-A769-4CE7-BC27-7D55A8D75A2B}.Release|Any CPU.Build.0 = Release|Any CPU
	EndGlobalSection
	GlobalSection(SolutionProperties) = preSolution
		HideSolutionNode = FALSE
	EndGlobalSection
	GlobalSection(ExtensibilityGlobals) = postSolution
		SolutionGuid = {3CCDCA48-7B58-4592-8A49-C3A51C381E02}
	EndGlobalSection
EndGlobal
